// !$*UTF8*$!
{
	archiveVersion = 1;
	classes = {
	};
	objectVersion = 51;
	objects = {

/* Begin PBXBuildFile section */
		099940E323E16B98006D686A /* MovieDetailsViewController.swift in Sources */ = {isa = PBXBuildFile; fileRef = 099940E223E16B98006D686A /* MovieDetailsViewController.swift */; };
		099940E523E1714C006D686A /* MovieGridViewController.swift in Sources */ = {isa = PBXBuildFile; fileRef = 099940E423E1714C006D686A /* MovieGridViewController.swift */; };
		099940E823E17481006D686A /* MovieGridCell.swift in Sources */ = {isa = PBXBuildFile; fileRef = 099940E623E17481006D686A /* MovieGridCell.swift */; };
		09ADBB8E23D6BAB7008DF7AA /* AppDelegate.swift in Sources */ = {isa = PBXBuildFile; fileRef = 09ADBB8D23D6BAB7008DF7AA /* AppDelegate.swift */; };
		09ADBB9023D6BAB7008DF7AA /* SceneDelegate.swift in Sources */ = {isa = PBXBuildFile; fileRef = 09ADBB8F23D6BAB7008DF7AA /* SceneDelegate.swift */; };
		09ADBB9523D6BAB7008DF7AA /* Main.storyboard in Resources */ = {isa = PBXBuildFile; fileRef = 09ADBB9323D6BAB7008DF7AA /* Main.storyboard */; };
		09ADBB9723D6BAB9008DF7AA /* Assets.xcassets in Resources */ = {isa = PBXBuildFile; fileRef = 09ADBB9623D6BAB9008DF7AA /* Assets.xcassets */; };
		09ADBB9A23D6BAB9008DF7AA /* LaunchScreen.storyboard in Resources */ = {isa = PBXBuildFile; fileRef = 09ADBB9823D6BAB9008DF7AA /* LaunchScreen.storyboard */; };
		09ADBBA723D6C604008DF7AA /* MoviesViewController.swift in Sources */ = {isa = PBXBuildFile; fileRef = 09ADBBA623D6C604008DF7AA /* MoviesViewController.swift */; };
		09ADBBA923D6CA4C008DF7AA /* MovieCell.swift in Sources */ = {isa = PBXBuildFile; fileRef = 09ADBBA823D6CA4C008DF7AA /* MovieCell.swift */; };
		C5B2ED39D3835E0F2FCB3C60 /* Pods_flix.framework in Frameworks */ = {isa = PBXBuildFile; fileRef = 671F36E34878C1BDACE58CB5 /* Pods_flix.framework */; };
/* End PBXBuildFile section */

/* Begin PBXFileReference section */
		099940E223E16B98006D686A /* MovieDetailsViewController.swift */ = {isa = PBXFileReference; lastKnownFileType = sourcecode.swift; path = MovieDetailsViewController.swift; sourceTree = "<group>"; };
		099940E423E1714C006D686A /* MovieGridViewController.swift */ = {isa = PBXFileReference; lastKnownFileType = sourcecode.swift; path = MovieGridViewController.swift; sourceTree = "<group>"; };
		099940E623E17481006D686A /* MovieGridCell.swift */ = {isa = PBXFileReference; lastKnownFileType = sourcecode.swift; path = MovieGridCell.swift; sourceTree = "<group>"; };
		09ADBB8A23D6BAB7008DF7AA /* flix.app */ = {isa = PBXFileReference; explicitFileType = wrapper.application; includeInIndex = 0; path = flix.app; sourceTree = BUILT_PRODUCTS_DIR; };
		09ADBB8D23D6BAB7008DF7AA /* AppDelegate.swift */ = {isa = PBXFileReference; lastKnownFileType = sourcecode.swift; path = AppDelegate.swift; sourceTree = "<group>"; };
		09ADBB8F23D6BAB7008DF7AA /* SceneDelegate.swift */ = {isa = PBXFileReference; lastKnownFileType = sourcecode.swift; path = SceneDelegate.swift; sourceTree = "<group>"; };
		09ADBB9423D6BAB7008DF7AA /* Base */ = {isa = PBXFileReference; lastKnownFileType = file.storyboard; name = Base; path = Base.lproj/Main.storyboard; sourceTree = "<group>"; };
		09ADBB9623D6BAB9008DF7AA /* Assets.xcassets */ = {isa = PBXFileReference; lastKnownFileType = folder.assetcatalog; path = Assets.xcassets; sourceTree = "<group>"; };
		09ADBB9923D6BAB9008DF7AA /* Base */ = {isa = PBXFileReference; lastKnownFileType = file.storyboard; name = Base; path = Base.lproj/LaunchScreen.storyboard; sourceTree = "<group>"; };
		09ADBB9B23D6BAB9008DF7AA /* Info.plist */ = {isa = PBXFileReference; lastKnownFileType = text.plist.xml; path = Info.plist; sourceTree = "<group>"; };
		09ADBBA623D6C604008DF7AA /* MoviesViewController.swift */ = {isa = PBXFileReference; fileEncoding = 4; lastKnownFileType = sourcecode.swift; path = MoviesViewController.swift; sourceTree = "<group>"; };
		09ADBBA823D6CA4C008DF7AA /* MovieCell.swift */ = {isa = PBXFileReference; lastKnownFileType = sourcecode.swift; path = MovieCell.swift; sourceTree = "<group>"; };
		671F36E34878C1BDACE58CB5 /* Pods_flix.framework */ = {isa = PBXFileReference; explicitFileType = wrapper.framework; includeInIndex = 0; path = Pods_flix.framework; sourceTree = BUILT_PRODUCTS_DIR; };
		C1BBEB89882585829226BBB9 /* Pods-flix.release.xcconfig */ = {isa = PBXFileReference; includeInIndex = 1; lastKnownFileType = text.xcconfig; name = "Pods-flix.release.xcconfig"; path = "Target Support Files/Pods-flix/Pods-flix.release.xcconfig"; sourceTree = "<group>"; };
		FFF1603AFE4B3AA8E221C8A3 /* Pods-flix.debug.xcconfig */ = {isa = PBXFileReference; includeInIndex = 1; lastKnownFileType = text.xcconfig; name = "Pods-flix.debug.xcconfig"; path = "Target Support Files/Pods-flix/Pods-flix.debug.xcconfig"; sourceTree = "<group>"; };
/* End PBXFileReference section */

/* Begin PBXFrameworksBuildPhase section */
		09ADBB8723D6BAB7008DF7AA /* Frameworks */ = {
			isa = PBXFrameworksBuildPhase;
			buildActionMask = 2147483647;
			files = (
				C5B2ED39D3835E0F2FCB3C60 /* Pods_flix.framework in Frameworks */,
			);
			runOnlyForDeploymentPostprocessing = 0;
		};
/* End PBXFrameworksBuildPhase section */

/* Begin PBXGroup section */
		09ADBB8123D6BAB7008DF7AA = {
			isa = PBXGroup;
			children = (
				09ADBB8C23D6BAB7008DF7AA /* flix */,
				09ADBB8B23D6BAB7008DF7AA /* Products */,
				A4FFAE0C31AC04822F404D2E /* Pods */,
				80C613BADE14282D8C8CD0E5 /* Frameworks */,
			);
			sourceTree = "<group>";
		};
		09ADBB8B23D6BAB7008DF7AA /* Products */ = {
			isa = PBXGroup;
			children = (
				09ADBB8A23D6BAB7008DF7AA /* flix.app */,
			);
			name = Products;
			sourceTree = "<group>";
		};
		09ADBB8C23D6BAB7008DF7AA /* flix */ = {
			isa = PBXGroup;
			children = (
				09ADBBA623D6C604008DF7AA /* MoviesViewController.swift */,
				09ADBB8D23D6BAB7008DF7AA /* AppDelegate.swift */,
				09ADBB8F23D6BAB7008DF7AA /* SceneDelegate.swift */,
				09ADBB9323D6BAB7008DF7AA /* Main.storyboard */,
				09ADBB9623D6BAB9008DF7AA /* Assets.xcassets */,
				09ADBB9823D6BAB9008DF7AA /* LaunchScreen.storyboard */,
				09ADBB9B23D6BAB9008DF7AA /* Info.plist */,
				09ADBBA823D6CA4C008DF7AA /* MovieCell.swift */,
				099940E223E16B98006D686A /* MovieDetailsViewController.swift */,
				099940E423E1714C006D686A /* MovieGridViewController.swift */,
				099940E623E17481006D686A /* MovieGridCell.swift */,
			);
			path = flix;
			sourceTree = "<group>";
		};
		80C613BADE14282D8C8CD0E5 /* Frameworks */ = {
			isa = PBXGroup;
			children = (
				671F36E34878C1BDACE58CB5 /* Pods_flix.framework */,
			);
			name = Frameworks;
			sourceTree = "<group>";
		};
		A4FFAE0C31AC04822F404D2E /* Pods */ = {
			isa = PBXGroup;
			children = (
				FFF1603AFE4B3AA8E221C8A3 /* Pods-flix.debug.xcconfig */,
				C1BBEB89882585829226BBB9 /* Pods-flix.release.xcconfig */,
			);
			path = Pods;
			sourceTree = "<group>";
		};
/* End PBXGroup section */

/* Begin PBXNativeTarget section */
		09ADBB8923D6BAB7008DF7AA /* flix */ = {
			isa = PBXNativeTarget;
			buildConfigurationList = 09ADBB9E23D6BAB9008DF7AA /* Build configuration list for PBXNativeTarget "flix" */;
			buildPhases = (
				D5289FD7CCE697865F64A3FD /* [CP] Check Pods Manifest.lock */,
				09ADBB8623D6BAB7008DF7AA /* Sources */,
				09ADBB8723D6BAB7008DF7AA /* Frameworks */,
				09ADBB8823D6BAB7008DF7AA /* Resources */,
				E2EB9A291F73E614BE105540 /* [CP] Embed Pods Frameworks */,
			);
			buildRules = (
			);
			dependencies = (
			);
			name = flix;
			productName = flix;
			productReference = 09ADBB8A23D6BAB7008DF7AA /* flix.app */;
			productType = "com.apple.product-type.application";
		};
/* End PBXNativeTarget section */

/* Begin PBXProject section */
		09ADBB8223D6BAB7008DF7AA /* Project object */ = {
			isa = PBXProject;
			attributes = {
				LastSwiftUpdateCheck = 1130;
				LastUpgradeCheck = 1130;
				ORGANIZATIONNAME = "Gabe De Mesa";
				TargetAttributes = {
					09ADBB8923D6BAB7008DF7AA = {
						CreatedOnToolsVersion = 11.3.1;
					};
				};
			};
			buildConfigurationList = 09ADBB8523D6BAB7008DF7AA /* Build configuration list for PBXProject "flix" */;
			compatibilityVersion = "Xcode 9.3";
			developmentRegion = en;
			hasScannedForEncodings = 0;
			knownRegions = (
				en,
				Base,
			);
			mainGroup = 09ADBB8123D6BAB7008DF7AA;
			productRefGroup = 09ADBB8B23D6BAB7008DF7AA /* Products */;
			projectDirPath = "";
			projectRoot = "";
			targets = (
				09ADBB8923D6BAB7008DF7AA /* flix */,
			);
		};
/* End PBXProject section */

/* Begin PBXResourcesBuildPhase section */
		09ADBB8823D6BAB7008DF7AA /* Resources */ = {
			isa = PBXResourcesBuildPhase;
			buildActionMask = 2147483647;
			files = (
				09ADBB9A23D6BAB9008DF7AA /* LaunchScreen.storyboard in Resources */,
				09ADBB9723D6BAB9008DF7AA /* Assets.xcassets in Resources */,
				09ADBB9523D6BAB7008DF7AA /* Main.storyboard in Resources */,
			);
			runOnlyForDeploymentPostprocessing = 0;
		};
/* End PBXResourcesBuildPhase section */

/* Begin PBXShellScriptBuildPhase section */
		D5289FD7CCE697865F64A3FD /* [CP] Check Pods Manifest.lock */ = {
			isa = PBXShellScriptBuildPhase;
			buildActionMask = 2147483647;
			files = (
			);
			inputFileListPaths = (
			);
			inputPaths = (
				"${PODS_PODFILE_DIR_PATH}/Podfile.lock",
				"${PODS_ROOT}/Manifest.lock",
			);
			name = "[CP] Check Pods Manifest.lock";
			outputFileListPaths = (
			);
			outputPaths = (
				"$(DERIVED_FILE_DIR)/Pods-flix-checkManifestLockResult.txt",
			);
			runOnlyForDeploymentPostprocessing = 0;
			shellPath = /bin/sh;
			shellScript = "diff \"${PODS_PODFILE_DIR_PATH}/Podfile.lock\" \"${PODS_ROOT}/Manifest.lock\" > /dev/null\nif [ $? != 0 ] ; then\n    # print error to STDERR\n    echo \"error: The sandbox is not in sync with the Podfile.lock. Run 'pod install' or update your CocoaPods installation.\" >&2\n    exit 1\nfi\n# This output is used by Xcode 'outputs' to avoid re-running this script phase.\necho \"SUCCESS\" > \"${SCRIPT_OUTPUT_FILE_0}\"\n";
			showEnvVarsInLog = 0;
		};
		E2EB9A291F73E614BE105540 /* [CP] Embed Pods Frameworks */ = {
			isa = PBXShellScriptBuildPhase;
			buildActionMask = 2147483647;
			files = (
			);
			inputFileListPaths = (
				"${PODS_ROOT}/Target Support Files/Pods-flix/Pods-flix-frameworks-${CONFIGURATION}-input-files.xcfilelist",
			);
			name = "[CP] Embed Pods Frameworks";
			outputFileListPaths = (
				"${PODS_ROOT}/Target Support Files/Pods-flix/Pods-flix-frameworks-${CONFIGURATION}-output-files.xcfilelist",
			);
			runOnlyForDeploymentPostprocessing = 0;
			shellPath = /bin/sh;
			shellScript = "\"${PODS_ROOT}/Target Support Files/Pods-flix/Pods-flix-frameworks.sh\"\n";
			showEnvVarsInLog = 0;
		};
/* End PBXShellScriptBuildPhase section */

/* Begin PBXSourcesBuildPhase section */
		09ADBB8623D6BAB7008DF7AA /* Sources */ = {
			isa = PBXSourcesBuildPhase;
			buildActionMask = 2147483647;
			files = (
				099940E323E16B98006D686A /* MovieDetailsViewController.swift in Sources */,
				09ADBB8E23D6BAB7008DF7AA /* AppDelegate.swift in Sources */,
				09ADBB9023D6BAB7008DF7AA /* SceneDelegate.swift in Sources */,
				09ADBBA923D6CA4C008DF7AA /* MovieCell.swift in Sources */,
				09ADBBA723D6C604008DF7AA /* MoviesViewController.swift in Sources */,
				099940E523E1714C006D686A /* MovieGridViewController.swift in Sources */,
				099940E823E17481006D686A /* MovieGridCell.swift in Sources */,
			);
			runOnlyForDeploymentPostprocessing = 0;
		};
/* End PBXSourcesBuildPhase section */

/* Begin PBXVariantGroup section */
		09ADBB9323D6BAB7008DF7AA /* Main.storyboard */ = {
			isa = PBXVariantGroup;
			children = (
				09ADBB9423D6BAB7008DF7AA /* Base */,
			);
			name = Main.storyboard;
			sourceTree = "<group>";
		};
		09ADBB9823D6BAB9008DF7AA /* LaunchScreen.storyboard */ = {
			isa = PBXVariantGroup;
			children = (
				09ADBB9923D6BAB9008DF7AA /* Base */,
			);
			name = LaunchScreen.storyboard;
			sourceTree = "<group>";
		};
/* End PBXVariantGroup section */

/* Begin XCBuildConfiguration section */
		09ADBB9C23D6BAB9008DF7AA /* Debug */ = {
			isa = XCBuildConfiguration;
			buildSettings = {
				ALWAYS_SEARCH_USER_PATHS = NO;
				CLANG_ANALYZER_NONNULL = YES;
				CLANG_ANALYZER_NUMBER_OBJECT_CONVERSION = YES_AGGRESSIVE;
				CLANG_CXX_LANGUAGE_STANDARD = "gnu++14";
				CLANG_CXX_LIBRARY = "libc++";
				CLANG_ENABLE_MODULES = YES;
				CLANG_ENABLE_OBJC_ARC = YES;
				CLANG_ENABLE_OBJC_WEAK = YES;
				CLANG_WARN_BLOCK_CAPTURE_AUTORELEASING = YES;
				CLANG_WARN_BOOL_CONVERSION = YES;
				CLANG_WARN_COMMA = YES;
				CLANG_WARN_CONSTANT_CONVERSION = YES;
				CLANG_WARN_DEPRECATED_OBJC_IMPLEMENTATIONS = YES;
				CLANG_WARN_DIRECT_OBJC_ISA_USAGE = YES_ERROR;
				CLANG_WARN_DOCUMENTATION_COMMENTS = YES;
				CLANG_WARN_EMPTY_BODY = YES;
				CLANG_WARN_ENUM_CONVERSION = YES;
				CLANG_WARN_INFINITE_RECURSION = YES;
				CLANG_WARN_INT_CONVERSION = YES;
				CLANG_WARN_NON_LITERAL_NULL_CONVERSION = YES;
				CLANG_WARN_OBJC_IMPLICIT_RETAIN_SELF = YES;
				CLANG_WARN_OBJC_LITERAL_CONVERSION = YES;
				CLANG_WARN_OBJC_ROOT_CLASS = YES_ERROR;
				CLANG_WARN_RANGE_LOOP_ANALYSIS = YES;
				CLANG_WARN_STRICT_PROTOTYPES = YES;
				CLANG_WARN_SUSPICIOUS_MOVE = YES;
				CLANG_WARN_UNGUARDED_AVAILABILITY = YES_AGGRESSIVE;
				CLANG_WARN_UNREACHABLE_CODE = YES;
				CLANG_WARN__DUPLICATE_METHOD_MATCH = YES;
				COPY_PHASE_STRIP = NO;
				DEBUG_INFORMATION_FORMAT = dwarf;
				ENABLE_STRICT_OBJC_MSGSEND = YES;
				ENABLE_TESTABILITY = YES;
				GCC_C_LANGUAGE_STANDARD = gnu11;
				GCC_DYNAMIC_NO_PIC = NO;
				GCC_NO_COMMON_BLOCKS = YES;
				GCC_OPTIMIZATION_LEVEL = 0;
				GCC_PREPROCESSOR_DEFINITIONS = (
					"DEBUG=1",
					"$(inherited)",
				);
				GCC_WARN_64_TO_32_BIT_CONVERSION = YES;
				GCC_WARN_ABOUT_RETURN_TYPE = YES_ERROR;
				GCC_WARN_UNDECLARED_SELECTOR = YES;
				GCC_WARN_UNINITIALIZED_AUTOS = YES_AGGRESSIVE;
				GCC_WARN_UNUSED_FUNCTION = YES;
				GCC_WARN_UNUSED_VARIABLE = YES;
				IPHONEOS_DEPLOYMENT_TARGET = 13.2;
				MTL_ENABLE_DEBUG_INFO = INCLUDE_SOURCE;
				MTL_FAST_MATH = YES;
				ONLY_ACTIVE_ARCH = YES;
				SDKROOT = iphoneos;
				SWIFT_ACTIVE_COMPILATION_CONDITIONS = DEBUG;
				SWIFT_OPTIMIZATION_LEVEL = "-Onone";
			};
			name = Debug;
		};
		09ADBB9D23D6BAB9008DF7AA /* Release */ = {
			isa = XCBuildConfiguration;
			buildSettings = {
				ALWAYS_SEARCH_USER_PATHS = NO;
				CLANG_ANALYZER_NONNULL = YES;
				CLANG_ANALYZER_NUMBER_OBJECT_CONVERSION = YES_AGGRESSIVE;
				CLANG_CXX_LANGUAGE_STANDARD = "gnu++14";
				CLANG_CXX_LIBRARY = "libc++";
				CLANG_ENABLE_MODULES = YES;
				CLANG_ENABLE_OBJC_ARC = YES;
				CLANG_ENABLE_OBJC_WEAK = YES;
				CLANG_WARN_BLOCK_CAPTURE_AUTORELEASING = YES;
				CLANG_WARN_BOOL_CONVERSION = YES;
				CLANG_WARN_COMMA = YES;
				CLANG_WARN_CONSTANT_CONVERSION = YES;
				CLANG_WARN_DEPRECATED_OBJC_IMPLEMENTATIONS = YES;
				CLANG_WARN_DIRECT_OBJC_ISA_USAGE = YES_ERROR;
				CLANG_WARN_DOCUMENTATION_COMMENTS = YES;
				CLANG_WARN_EMPTY_BODY = YES;
				CLANG_WARN_ENUM_CONVERSION = YES;
				CLANG_WARN_INFINITE_RECURSION = YES;
				CLANG_WARN_INT_CONVERSION = YES;
				CLANG_WARN_NON_LITERAL_NULL_CONVERSION = YES;
				CLANG_WARN_OBJC_IMPLICIT_RETAIN_SELF = YES;
				CLANG_WARN_OBJC_LITERAL_CONVERSION = YES;
				CLANG_WARN_OBJC_ROOT_CLASS = YES_ERROR;
				CLANG_WARN_RANGE_LOOP_ANALYSIS = YES;
				CLANG_WARN_STRICT_PROTOTYPES = YES;
				CLANG_WARN_SUSPICIOUS_MOVE = YES;
				CLANG_WARN_UNGUARDED_AVAILABILITY = YES_AGGRESSIVE;
				CLANG_WARN_UNREACHABLE_CODE = YES;
				CLANG_WARN__DUPLICATE_METHOD_MATCH = YES;
				COPY_PHASE_STRIP = NO;
				DEBUG_INFORMATION_FORMAT = "dwarf-with-dsym";
				ENABLE_NS_ASSERTIONS = NO;
				ENABLE_STRICT_OBJC_MSGSEND = YES;
				GCC_C_LANGUAGE_STANDARD = gnu11;
				GCC_NO_COMMON_BLOCKS = YES;
				GCC_WARN_64_TO_32_BIT_CONVERSION = YES;
				GCC_WARN_ABOUT_RETURN_TYPE = YES_ERROR;
				GCC_WARN_UNDECLARED_SELECTOR = YES;
				GCC_WARN_UNINITIALIZED_AUTOS = YES_AGGRESSIVE;
				GCC_WARN_UNUSED_FUNCTION = YES;
				GCC_WARN_UNUSED_VARIABLE = YES;
				IPHONEOS_DEPLOYMENT_TARGET = 13.2;
				MTL_ENABLE_DEBUG_INFO = NO;
				MTL_FAST_MATH = YES;
				SDKROOT = iphoneos;
				SWIFT_COMPILATION_MODE = wholemodule;
				SWIFT_OPTIMIZATION_LEVEL = "-O";
				VALIDATE_PRODUCT = YES;
			};
			name = Release;
		};
		09ADBB9F23D6BAB9008DF7AA /* Debug */ = {
			isa = XCBuildConfiguration;
			baseConfigurationReference = FFF1603AFE4B3AA8E221C8A3 /* Pods-flix.debug.xcconfig */;
			buildSettings = {
				ASSETCATALOG_COMPILER_APPICON_NAME = AppIcon;
				CODE_SIGN_STYLE = Automatic;
				DEVELOPMENT_TEAM = V9N99EKAH3;
				INFOPLIST_FILE = flix/Info.plist;
				LD_RUNPATH_SEARCH_PATHS = (
					"$(inherited)",
					"@executable_path/Frameworks",
				);
				PRODUCT_BUNDLE_IDENTIFIER = com.gabedemesa.flix;
				PRODUCT_NAME = "$(TARGET_NAME)";
				SWIFT_VERSION = 5.0;
				TARGETED_DEVICE_FAMILY = "1,2";
			};
			name = Debug;
		};
		09ADBBA023D6BAB9008DF7AA /* Release */ = {
			isa = XCBuildConfiguration;
			baseConfigurationReference = C1BBEB89882585829226BBB9 /* Pods-flix.release.xcconfig */;
			buildSettings = {
				ASSETCATALOG_COMPILER_APPICON_NAME = AppIcon;
				CODE_SIGN_STYLE = Automatic;
				DEVELOPMENT_TEAM = V9N99EKAH3;
				INFOPLIST_FILE = flix/Info.plist;
				LD_RUNPATH_SEARCH_PATHS = (
					"$(inherited)",
					"@executable_path/Frameworks",
				);
				PRODUCT_BUNDLE_IDENTIFIER = com.gabedemesa.flix;
				PRODUCT_NAME = "$(TARGET_NAME)";
				SWIFT_VERSION = 5.0;
				TARGETED_DEVICE_FAMILY = "1,2";
			};
			name = Release;
		};
/* End XCBuildConfiguration section */

/* Begin XCConfigurationList section */
		09ADBB8523D6BAB7008DF7AA /* Build configuration list for PBXProject "flix" */ = {
			isa = XCConfigurationList;
			buildConfigurations = (
				09ADBB9C23D6BAB9008DF7AA /* Debug */,
				09ADBB9D23D6BAB9008DF7AA /* Release */,
			);
			defaultConfigurationIsVisible = 0;
			defaultConfigurationName = Release;
		};
		09ADBB9E23D6BAB9008DF7AA /* Build configuration list for PBXNativeTarget "flix" */ = {
			isa = XCConfigurationList;
			buildConfigurations = (
				09ADBB9F23D6BAB9008DF7AA /* Debug */,
				09ADBBA023D6BAB9008DF7AA /* Release */,
			);
			defaultConfigurationIsVisible = 0;
			defaultConfigurationName = Release;
		};
/* End XCConfigurationList section */
	};
	rootObject = 09ADBB8223D6BAB7008DF7AA /* Project object */;
}
